
Microsoft Visual Studio Solution File, Format Version 12.00
# Visual Studio Version 16
VisualStudioVersion = 16.0.30413.136
MinimumVisualStudioVersion = 10.0.40219.1
Project("{9A19103F-16F7-4668-BE54-9A1E7A4F7556}") = "ConstructorCodeAlong", "ConstructorCodeAlong\ConstructorCodeAlong.csproj", "{B50691C5-4BD6-434E-9E6E-FF3F4D2FB514}"
EndProject
Project("{9A19103F-16F7-4668-BE54-9A1E7A4F7556}") = "TernaryDemo", "TernaryDemo\TernaryDemo.csproj", "{F12204B0-7B26-4BDE-8FEB-5DCACCE96893}"
EndProject
Project("{9A19103F-16F7-4668-BE54-9A1E7A4F7556}") = "Inheritence1", "Inheritence1\Inheritence1.csproj", "{8FCE8A64-06B5-4239-9D81-C4919418DFB8}"
EndProject
Project("{FAE04EC0-301F-11D3-BF4B-00C04F79EFBC}") = "TupleDemo", "TupleDemo\TupleDemo.csproj", "{6350D819-F824-40A4-8BB1-D4279EECFDD2}"
EndProject
Global
	GlobalSection(SolutionConfigurationPlatforms) = preSolution
		Debug|Any CPU = Debug|Any CPU
		Release|Any CPU = Release|Any CPU
	EndGlobalSection
	GlobalSection(ProjectConfigurationPlatforms) = postSolution
		{B50691C5-4BD6-434E-9E6E-FF3F4D2FB514}.Debug|Any CPU.ActiveCfg = Debug|Any CPU
		{B50691C5-4BD6-434E-9E6E-FF3F4D2FB514}.Debug|Any CPU.Build.0 = Debug|Any CPU
		{B50691C5-4BD6-434E-9E6E-FF3F4D2FB514}.Release|Any CPU.ActiveCfg = Release|Any CPU
		{B50691C5-4BD6-434E-9E6E-FF3F4D2FB514}.Release|Any CPU.Build.0 = Release|Any CPU
		{F12204B0-7B26-4BDE-8FEB-5DCACCE96893}.Debug|Any CPU.ActiveCfg = Debug|Any CPU
		{F12204B0-7B26-4BDE-8FEB-5DCACCE96893}.Debug|Any CPU.Build.0 = Debug|Any CPU
		{F12204B0-7B26-4BDE-8FEB-5DCACCE96893}.Release|Any CPU.ActiveCfg = Release|Any CPU
		{F12204B0-7B26-4BDE-8FEB-5DCACCE96893}.Release|Any CPU.Build.0 = Release|Any CPU
		{8FCE8A64-06B5-4239-9D81-C4919418DFB8}.Debug|Any CPU.ActiveCfg = Debug|Any CPU
		{8FCE8A64-06B5-4239-9D81-C4919418DFB8}.Debug|Any CPU.Build.0 = Debug|Any CPU
		{8FCE8A64-06B5-4239-9D81-C4919418DFB8}.Release|Any CPU.ActiveCfg = Release|Any CPU
		{8FCE8A64-06B5-4239-9D81-C4919418DFB8}.Release|Any CPU.Build.0 = Release|Any CPU
		{6350D819-F824-40A4-8BB1-D4279EECFDD2}.Debug|Any CPU.ActiveCfg = Debug|Any CPU
		{6350D819-F824-40A4-8BB1-D4279EECFDD2}.Debug|Any CPU.Build.0 = Debug|Any CPU
		{6350D819-F824-40A4-8BB1-D4279EECFDD2}.Release|Any CPU.ActiveCfg = Release|Any CPU
		{6350D819-F824-40A4-8BB1-D4279EECFDD2}.Release|Any CPU.Build.0 = Release|Any CPU
	EndGlobalSection
	GlobalSection(SolutionProperties) = preSolution
		HideSolutionNode = FALSE
	EndGlobalSection
	GlobalSection(ExtensibilityGlobals) = postSolution
		SolutionGuid = {C570A2E5-73C7-4D4E-A6A3-04F77832B07F}
	EndGlobalSection
EndGlobal
